
Microsoft Visual Studio Solution File, Format Version 12.00
# Visual Studio 2015
Project("{FAE04EC0-301F-11D3-BF4B-00C04F79EFBC}") = "Stealth-VR.CSharp", "Stealth-VR.CSharp.csproj", "{ADABFCA6-0C55-531C-043A-17A4FC70EECE}"
EndProject
Global
	GlobalSection(SolutionConfigurationPlatforms) = preSolution
		Debug|Any CPU = Debug|Any CPU
		Release|Any CPU = Release|Any CPU
	EndGlobalSection
	GlobalSection(ProjectConfigurationPlatforms) = postSolution
		{ADABFCA6-0C55-531C-043A-17A4FC70EECE}.Debug|Any CPU.ActiveCfg = Debug|Any CPU
		{ADABFCA6-0C55-531C-043A-17A4FC70EECE}.Debug|Any CPU.Build.0 = Debug|Any CPU
		{ADABFCA6-0C55-531C-043A-17A4FC70EECE}.Release|Any CPU.ActiveCfg = Release|Any CPU
		{ADABFCA6-0C55-531C-043A-17A4FC70EECE}.Release|Any CPU.Build.0 = Release|Any CPU
	EndGlobalSection
	GlobalSection(SolutionProperties) = preSolution
		HideSolutionNode = FALSE
	EndGlobalSection
EndGlobal
